
Microsoft Visual Studio Solution File, Format Version 12.00
# Visual Studio 15
VisualStudioVersion = 15.0.27428.2037
MinimumVisualStudioVersion = 10.0.40219.1
Project("{FAE04EC0-301F-11D3-BF4B-00C04F79EFBC}") = "Delicioso.Android", "Delicioso\Delicioso.Android\Delicioso.Android.csproj", "{16EB0A9A-4324-4650-8EF0-2D4599A2737F}"
EndProject
Project("{FAE04EC0-301F-11D3-BF4B-00C04F79EFBC}") = "Delicioso.iOS", "Delicioso\Delicioso.iOS\Delicioso.iOS.csproj", "{D04F9924-793D-4476-8119-D32282E674FF}"
EndProject
Project("{FAE04EC0-301F-11D3-BF4B-00C04F79EFBC}") = "Delicioso", "Delicioso\Delicioso\Delicioso.csproj", "{5BDBFEA3-5C04-41ED-A1DA-0B6E7FD134C0}"
EndProject
Global
	GlobalSection(SolutionConfigurationPlatforms) = preSolution
		Ad-Hoc|Any CPU = Ad-Hoc|Any CPU
		Ad-Hoc|iPhone = Ad-Hoc|iPhone
		Ad-Hoc|iPhoneSimulator = Ad-Hoc|iPhoneSimulator
		AppStore|Any CPU = AppStore|Any CPU
		AppStore|iPhone = AppStore|iPhone
		AppStore|iPhoneSimulator = AppStore|iPhoneSimulator
		Debug|Any CPU = Debug|Any CPU
		Debug|iPhone = Debug|iPhone
		Debug|iPhoneSimulator = Debug|iPhoneSimulator
		Release|Any CPU = Release|Any CPU
		Release|iPhone = Release|iPhone
		Release|iPhoneSimulator = Release|iPhoneSimulator
	EndGlobalSection
	GlobalSection(ProjectConfigurationPlatforms) = postSolution
		{16EB0A9A-4324-4650-8EF0-2D4599A2737F}.Ad-Hoc|Any CPU.ActiveCfg = Release|Any CPU
		{16EB0A9A-4324-4650-8EF0-2D4599A2737F}.Ad-Hoc|Any CPU.Build.0 = Release|Any CPU
		{16EB0A9A-4324-4650-8EF0-2D4599A2737F}.Ad-Hoc|Any CPU.Deploy.0 = Release|Any CPU
		{16EB0A9A-4324-4650-8EF0-2D4599A2737F}.Ad-Hoc|iPhone.ActiveCfg = Release|Any CPU
		{16EB0A9A-4324-4650-8EF0-2D4599A2737F}.Ad-Hoc|iPhone.Build.0 = Release|Any CPU
		{16EB0A9A-4324-4650-8EF0-2D4599A2737F}.Ad-Hoc|iPhone.Deploy.0 = Release|Any CPU
		{16EB0A9A-4324-4650-8EF0-2D4599A2737F}.Ad-Hoc|iPhoneSimulator.ActiveCfg = Release|Any CPU
		{16EB0A9A-4324-4650-8EF0-2D4599A2737F}.Ad-Hoc|iPhoneSimulator.Build.0 = Release|Any CPU
		{16EB0A9A-4324-4650-8EF0-2D4599A2737F}.Ad-Hoc|iPhoneSimulator.Deploy.0 = Release|Any CPU
		{16EB0A9A-4324-4650-8EF0-2D4599A2737F}.AppStore|Any CPU.ActiveCfg = Release|Any CPU
		{16EB0A9A-4324-4650-8EF0-2D4599A2737F}.AppStore|Any CPU.Build.0 = Release|Any CPU
		{16EB0A9A-4324-4650-8EF0-2D4599A2737F}.AppStore|Any CPU.Deploy.0 = Release|Any CPU
		{16EB0A9A-4324-4650-8EF0-2D4599A2737F}.AppStore|iPhone.ActiveCfg = Release|Any CPU
		{16EB0A9A-4324-4650-8EF0-2D4599A2737F}.AppStore|iPhone.Build.0 = Release|Any CPU
		{16EB0A9A-4324-4650-8EF0-2D4599A2737F}.AppStore|iPhone.Deploy.0 = Release|Any CPU
		{16EB0A9A-4324-4650-8EF0-2D4599A2737F}.AppStore|iPhoneSimulator.ActiveCfg = Release|Any CPU
		{16EB0A9A-4324-4650-8EF0-2D4599A2737F}.AppStore|iPhoneSimulator.Build.0 = Release|Any CPU
		{16EB0A9A-4324-4650-8EF0-2D4599A2737F}.AppStore|iPhoneSimulator.Deploy.0 = Release|Any CPU
		{16EB0A9A-4324-4650-8EF0-2D4599A2737F}.Debug|Any CPU.ActiveCfg = Debug|Any CPU
		{16EB0A9A-4324-4650-8EF0-2D4599A2737F}.Debug|Any CPU.Build.0 = Debug|Any CPU
		{16EB0A9A-4324-4650-8EF0-2D4599A2737F}.Debug|Any CPU.Deploy.0 = Debug|Any CPU
		{16EB0A9A-4324-4650-8EF0-2D4599A2737F}.Debug|iPhone.ActiveCfg = Debug|Any CPU
		{16EB0A9A-4324-4650-8EF0-2D4599A2737F}.Debug|iPhone.Build.0 = Debug|Any CPU
		{16EB0A9A-4324-4650-8EF0-2D4599A2737F}.Debug|iPhone.Deploy.0 = Debug|Any CPU
		{16EB0A9A-4324-4650-8EF0-2D4599A2737F}.Debug|iPhoneSimulator.ActiveCfg = Debug|Any CPU
		{16EB0A9A-4324-4650-8EF0-2D4599A2737F}.Debug|iPhoneSimulator.Build.0 = Debug|Any CPU
		{16EB0A9A-4324-4650-8EF0-2D4599A2737F}.Debug|iPhoneSimulator.Deploy.0 = Debug|Any CPU
		{16EB0A9A-4324-4650-8EF0-2D4599A2737F}.Release|Any CPU.ActiveCfg = Release|Any CPU
		{16EB0A9A-4324-4650-8EF0-2D4599A2737F}.Release|Any CPU.Build.0 = Release|Any CPU
		{16EB0A9A-4324-4650-8EF0-2D4599A2737F}.Release|Any CPU.Deploy.0 = Release|Any CPU
		{16EB0A9A-4324-4650-8EF0-2D4599A2737F}.Release|iPhone.ActiveCfg = Release|Any CPU
		{16EB0A9A-4324-4650-8EF0-2D4599A2737F}.Release|iPhone.Build.0 = Release|Any CPU
		{16EB0A9A-4324-4650-8EF0-2D4599A2737F}.Release|iPhone.Deploy.0 = Release|Any CPU
		{16EB0A9A-4324-4650-8EF0-2D4599A2737F}.Release|iPhoneSimulator.ActiveCfg = Release|Any CPU
		{16EB0A9A-4324-4650-8EF0-2D4599A2737F}.Release|iPhoneSimulator.Build.0 = Release|Any CPU
		{16EB0A9A-4324-4650-8EF0-2D4599A2737F}.Release|iPhoneSimulator.Deploy.0 = Release|Any CPU
		{D04F9924-793D-4476-8119-D32282E674FF}.Ad-Hoc|Any CPU.ActiveCfg = Ad-Hoc|iPhone
		{D04F9924-793D-4476-8119-D32282E674FF}.Ad-Hoc|iPhone.ActiveCfg = Ad-Hoc|iPhone
		{D04F9924-793D-4476-8119-D32282E674FF}.Ad-Hoc|iPhone.Build.0 = Ad-Hoc|iPhone
		{D04F9924-793D-4476-8119-D32282E674FF}.Ad-Hoc|iPhoneSimulator.ActiveCfg = Ad-Hoc|iPhoneSimulator
		{D04F9924-793D-4476-8119-D32282E674FF}.Ad-Hoc|iPhoneSimulator.Build.0 = Ad-Hoc|iPhoneSimulator
		{D04F9924-793D-4476-8119-D32282E674FF}.AppStore|Any CPU.ActiveCfg = AppStore|iPhone
		{D04F9924-793D-4476-8119-D32282E674FF}.AppStore|iPhone.ActiveCfg = AppStore|iPhone
		{D04F9924-793D-4476-8119-D32282E674FF}.AppStore|iPhone.Build.0 = AppStore|iPhone
		{D04F9924-793D-4476-8119-D32282E674FF}.AppStore|iPhoneSimulator.ActiveCfg = AppStore|iPhoneSimulator
		{D04F9924-793D-4476-8119-D32282E674FF}.AppStore|iPhoneSimulator.Build.0 = AppStore|iPhoneSimulator
		{D04F9924-793D-4476-8119-D32282E674FF}.Debug|Any CPU.ActiveCfg = Debug|iPhone
		{D04F9924-793D-4476-8119-D32282E674FF}.Debug|iPhone.ActiveCfg = Debug|iPhone
		{D04F9924-793D-4476-8119-D32282E674FF}.Debug|iPhone.Build.0 = Debug|iPhone
		{D04F9924-793D-4476-8119-D32282E674FF}.Debug|iPhoneSimulator.ActiveCfg = Debug|iPhoneSimulator
		{D04F9924-793D-4476-8119-D32282E674FF}.Debug|iPhoneSimulator.Build.0 = Debug|iPhoneSimulator
		{D04F9924-793D-4476-8119-D32282E674FF}.Release|Any CPU.ActiveCfg = Release|iPhone
		{D04F9924-793D-4476-8119-D32282E674FF}.Release|iPhone.ActiveCfg = Release|iPhone
		{D04F9924-793D-4476-8119-D32282E674FF}.Release|iPhone.Build.0 = Release|iPhone
		{D04F9924-793D-4476-8119-D32282E674FF}.Release|iPhoneSimulator.ActiveCfg = Release|iPhoneSimulator
		{D04F9924-793D-4476-8119-D32282E674FF}.Release|iPhoneSimulator.Build.0 = Release|iPhoneSimulator
		{5BDBFEA3-5C04-41ED-A1DA-0B6E7FD134C0}.Ad-Hoc|Any CPU.ActiveCfg = Debug|Any CPU
		{5BDBFEA3-5C04-41ED-A1DA-0B6E7FD134C0}.Ad-Hoc|Any CPU.Build.0 = Debug|Any CPU
		{5BDBFEA3-5C04-41ED-A1DA-0B6E7FD134C0}.Ad-Hoc|iPhone.ActiveCfg = Debug|Any CPU
		{5BDBFEA3-5C04-41ED-A1DA-0B6E7FD134C0}.Ad-Hoc|iPhone.Build.0 = Debug|Any CPU
		{5BDBFEA3-5C04-41ED-A1DA-0B6E7FD134C0}.Ad-Hoc|iPhoneSimulator.ActiveCfg = Debug|Any CPU
		{5BDBFEA3-5C04-41ED-A1DA-0B6E7FD134C0}.Ad-Hoc|iPhoneSimulator.Build.0 = Debug|Any CPU
		{5BDBFEA3-5C04-41ED-A1DA-0B6E7FD134C0}.AppStore|Any CPU.ActiveCfg = Debug|Any CPU
		{5BDBFEA3-5C04-41ED-A1DA-0B6E7FD134C0}.AppStore|Any CPU.Build.0 = Debug|Any CPU
		{5BDBFEA3-5C04-41ED-A1DA-0B6E7FD134C0}.AppStore|iPhone.ActiveCfg = Debug|Any CPU
		{5BDBFEA3-5C04-41ED-A1DA-0B6E7FD134C0}.AppStore|iPhone.Build.0 = Debug|Any CPU
		{5BDBFEA3-5C04-41ED-A1DA-0B6E7FD134C0}.AppStore|iPhoneSimulator.ActiveCfg = Debug|Any CPU
		{5BDBFEA3-5C04-41ED-A1DA-0B6E7FD134C0}.AppStore|iPhoneSimulator.Build.0 = Debug|Any CPU
		{5BDBFEA3-5C04-41ED-A1DA-0B6E7FD134C0}.Debug|Any CPU.ActiveCfg = Debug|Any CPU
		{5BDBFEA3-5C04-41ED-A1DA-0B6E7FD134C0}.Debug|Any CPU.Build.0 = Debug|Any CPU
		{5BDBFEA3-5C04-41ED-A1DA-0B6E7FD134C0}.Debug|iPhone.ActiveCfg = Debug|Any CPU
		{5BDBFEA3-5C04-41ED-A1DA-0B6E7FD134C0}.Debug|iPhone.Build.0 = Debug|Any CPU
		{5BDBFEA3-5C04-41ED-A1DA-0B6E7FD134C0}.Debug|iPhoneSimulator.ActiveCfg = Debug|Any CPU
		{5BDBFEA3-5C04-41ED-A1DA-0B6E7FD134C0}.Debug|iPhoneSimulator.Build.0 = Debug|Any CPU
		{5BDBFEA3-5C04-41ED-A1DA-0B6E7FD134C0}.Release|Any CPU.ActiveCfg = Release|Any CPU
		{5BDBFEA3-5C04-41ED-A1DA-0B6E7FD134C0}.Release|Any CPU.Build.0 = Release|Any CPU
		{5BDBFEA3-5C04-41ED-A1DA-0B6E7FD134C0}.Release|iPhone.ActiveCfg = Release|Any CPU
		{5BDBFEA3-5C04-41ED-A1DA-0B6E7FD134C0}.Release|iPhone.Build.0 = Release|Any CPU
		{5BDBFEA3-5C04-41ED-A1DA-0B6E7FD134C0}.Release|iPhoneSimulator.ActiveCfg = Release|Any CPU
		{5BDBFEA3-5C04-41ED-A1DA-0B6E7FD134C0}.Release|iPhoneSimulator.Build.0 = Release|Any CPU
	EndGlobalSection
	GlobalSection(SolutionProperties) = preSolution
		HideSolutionNode = FALSE
	EndGlobalSection
	GlobalSection(ExtensibilityGlobals) = postSolution
		SolutionGuid = {260C56A7-74FB-4D73-9E35-B65855F1361E}
	EndGlobalSection
EndGlobal
