
Microsoft Visual Studio Solution File, Format Version 12.00
# Visual Studio 15
VisualStudioVersion = 15.0.27428.2037
MinimumVisualStudioVersion = 10.0.40219.1
Project("{FAE04EC0-301F-11D3-BF4B-00C04F79EFBC}") = "FastFoodApp.Android", "FastFoodApp\FastFoodApp.Android\FastFoodApp.Android.csproj", "{68A6ED24-5FCB-42A2-BE19-88170FD00228}"
EndProject
Project("{FAE04EC0-301F-11D3-BF4B-00C04F79EFBC}") = "FastFoodApp.iOS", "FastFoodApp\FastFoodApp.iOS\FastFoodApp.iOS.csproj", "{7EC7BB2C-EB42-455C-B206-5D70129AAB7F}"
EndProject
Project("{FAE04EC0-301F-11D3-BF4B-00C04F79EFBC}") = "FastFoodApp", "FastFoodApp\FastFoodApp\FastFoodApp.csproj", "{57B00C94-1596-4C04-885F-423C46FBD574}"
EndProject
Global
	GlobalSection(SolutionConfigurationPlatforms) = preSolution
		Ad-Hoc|Any CPU = Ad-Hoc|Any CPU
		Ad-Hoc|iPhone = Ad-Hoc|iPhone
		Ad-Hoc|iPhoneSimulator = Ad-Hoc|iPhoneSimulator
		AppStore|Any CPU = AppStore|Any CPU
		AppStore|iPhone = AppStore|iPhone
		AppStore|iPhoneSimulator = AppStore|iPhoneSimulator
		Debug|Any CPU = Debug|Any CPU
		Debug|iPhone = Debug|iPhone
		Debug|iPhoneSimulator = Debug|iPhoneSimulator
		Release|Any CPU = Release|Any CPU
		Release|iPhone = Release|iPhone
		Release|iPhoneSimulator = Release|iPhoneSimulator
	EndGlobalSection
	GlobalSection(ProjectConfigurationPlatforms) = postSolution
		{68A6ED24-5FCB-42A2-BE19-88170FD00228}.Ad-Hoc|Any CPU.ActiveCfg = Release|Any CPU
		{68A6ED24-5FCB-42A2-BE19-88170FD00228}.Ad-Hoc|Any CPU.Build.0 = Release|Any CPU
		{68A6ED24-5FCB-42A2-BE19-88170FD00228}.Ad-Hoc|Any CPU.Deploy.0 = Release|Any CPU
		{68A6ED24-5FCB-42A2-BE19-88170FD00228}.Ad-Hoc|iPhone.ActiveCfg = Release|Any CPU
		{68A6ED24-5FCB-42A2-BE19-88170FD00228}.Ad-Hoc|iPhone.Build.0 = Release|Any CPU
		{68A6ED24-5FCB-42A2-BE19-88170FD00228}.Ad-Hoc|iPhone.Deploy.0 = Release|Any CPU
		{68A6ED24-5FCB-42A2-BE19-88170FD00228}.Ad-Hoc|iPhoneSimulator.ActiveCfg = Release|Any CPU
		{68A6ED24-5FCB-42A2-BE19-88170FD00228}.Ad-Hoc|iPhoneSimulator.Build.0 = Release|Any CPU
		{68A6ED24-5FCB-42A2-BE19-88170FD00228}.Ad-Hoc|iPhoneSimulator.Deploy.0 = Release|Any CPU
		{68A6ED24-5FCB-42A2-BE19-88170FD00228}.AppStore|Any CPU.ActiveCfg = Release|Any CPU
		{68A6ED24-5FCB-42A2-BE19-88170FD00228}.AppStore|Any CPU.Build.0 = Release|Any CPU
		{68A6ED24-5FCB-42A2-BE19-88170FD00228}.AppStore|Any CPU.Deploy.0 = Release|Any CPU
		{68A6ED24-5FCB-42A2-BE19-88170FD00228}.AppStore|iPhone.ActiveCfg = Release|Any CPU
		{68A6ED24-5FCB-42A2-BE19-88170FD00228}.AppStore|iPhone.Build.0 = Release|Any CPU
		{68A6ED24-5FCB-42A2-BE19-88170FD00228}.AppStore|iPhone.Deploy.0 = Release|Any CPU
		{68A6ED24-5FCB-42A2-BE19-88170FD00228}.AppStore|iPhoneSimulator.ActiveCfg = Release|Any CPU
		{68A6ED24-5FCB-42A2-BE19-88170FD00228}.AppStore|iPhoneSimulator.Build.0 = Release|Any CPU
		{68A6ED24-5FCB-42A2-BE19-88170FD00228}.AppStore|iPhoneSimulator.Deploy.0 = Release|Any CPU
		{68A6ED24-5FCB-42A2-BE19-88170FD00228}.Debug|Any CPU.ActiveCfg = Debug|Any CPU
		{68A6ED24-5FCB-42A2-BE19-88170FD00228}.Debug|Any CPU.Build.0 = Debug|Any CPU
		{68A6ED24-5FCB-42A2-BE19-88170FD00228}.Debug|Any CPU.Deploy.0 = Debug|Any CPU
		{68A6ED24-5FCB-42A2-BE19-88170FD00228}.Debug|iPhone.ActiveCfg = Debug|Any CPU
		{68A6ED24-5FCB-42A2-BE19-88170FD00228}.Debug|iPhone.Build.0 = Debug|Any CPU
		{68A6ED24-5FCB-42A2-BE19-88170FD00228}.Debug|iPhone.Deploy.0 = Debug|Any CPU
		{68A6ED24-5FCB-42A2-BE19-88170FD00228}.Debug|iPhoneSimulator.ActiveCfg = Debug|Any CPU
		{68A6ED24-5FCB-42A2-BE19-88170FD00228}.Debug|iPhoneSimulator.Build.0 = Debug|Any CPU
		{68A6ED24-5FCB-42A2-BE19-88170FD00228}.Debug|iPhoneSimulator.Deploy.0 = Debug|Any CPU
		{68A6ED24-5FCB-42A2-BE19-88170FD00228}.Release|Any CPU.ActiveCfg = Release|Any CPU
		{68A6ED24-5FCB-42A2-BE19-88170FD00228}.Release|Any CPU.Build.0 = Release|Any CPU
		{68A6ED24-5FCB-42A2-BE19-88170FD00228}.Release|Any CPU.Deploy.0 = Release|Any CPU
		{68A6ED24-5FCB-42A2-BE19-88170FD00228}.Release|iPhone.ActiveCfg = Release|Any CPU
		{68A6ED24-5FCB-42A2-BE19-88170FD00228}.Release|iPhone.Build.0 = Release|Any CPU
		{68A6ED24-5FCB-42A2-BE19-88170FD00228}.Release|iPhone.Deploy.0 = Release|Any CPU
		{68A6ED24-5FCB-42A2-BE19-88170FD00228}.Release|iPhoneSimulator.ActiveCfg = Release|Any CPU
		{68A6ED24-5FCB-42A2-BE19-88170FD00228}.Release|iPhoneSimulator.Build.0 = Release|Any CPU
		{68A6ED24-5FCB-42A2-BE19-88170FD00228}.Release|iPhoneSimulator.Deploy.0 = Release|Any CPU
		{7EC7BB2C-EB42-455C-B206-5D70129AAB7F}.Ad-Hoc|Any CPU.ActiveCfg = Ad-Hoc|iPhone
		{7EC7BB2C-EB42-455C-B206-5D70129AAB7F}.Ad-Hoc|iPhone.ActiveCfg = Ad-Hoc|iPhone
		{7EC7BB2C-EB42-455C-B206-5D70129AAB7F}.Ad-Hoc|iPhone.Build.0 = Ad-Hoc|iPhone
		{7EC7BB2C-EB42-455C-B206-5D70129AAB7F}.Ad-Hoc|iPhoneSimulator.ActiveCfg = Ad-Hoc|iPhoneSimulator
		{7EC7BB2C-EB42-455C-B206-5D70129AAB7F}.Ad-Hoc|iPhoneSimulator.Build.0 = Ad-Hoc|iPhoneSimulator
		{7EC7BB2C-EB42-455C-B206-5D70129AAB7F}.AppStore|Any CPU.ActiveCfg = AppStore|iPhone
		{7EC7BB2C-EB42-455C-B206-5D70129AAB7F}.AppStore|iPhone.ActiveCfg = AppStore|iPhone
		{7EC7BB2C-EB42-455C-B206-5D70129AAB7F}.AppStore|iPhone.Build.0 = AppStore|iPhone
		{7EC7BB2C-EB42-455C-B206-5D70129AAB7F}.AppStore|iPhoneSimulator.ActiveCfg = AppStore|iPhoneSimulator
		{7EC7BB2C-EB42-455C-B206-5D70129AAB7F}.AppStore|iPhoneSimulator.Build.0 = AppStore|iPhoneSimulator
		{7EC7BB2C-EB42-455C-B206-5D70129AAB7F}.Debug|Any CPU.ActiveCfg = Debug|iPhone
		{7EC7BB2C-EB42-455C-B206-5D70129AAB7F}.Debug|iPhone.ActiveCfg = Debug|iPhone
		{7EC7BB2C-EB42-455C-B206-5D70129AAB7F}.Debug|iPhone.Build.0 = Debug|iPhone
		{7EC7BB2C-EB42-455C-B206-5D70129AAB7F}.Debug|iPhoneSimulator.ActiveCfg = Debug|iPhoneSimulator
		{7EC7BB2C-EB42-455C-B206-5D70129AAB7F}.Debug|iPhoneSimulator.Build.0 = Debug|iPhoneSimulator
		{7EC7BB2C-EB42-455C-B206-5D70129AAB7F}.Release|Any CPU.ActiveCfg = Release|iPhone
		{7EC7BB2C-EB42-455C-B206-5D70129AAB7F}.Release|iPhone.ActiveCfg = Release|iPhone
		{7EC7BB2C-EB42-455C-B206-5D70129AAB7F}.Release|iPhone.Build.0 = Release|iPhone
		{7EC7BB2C-EB42-455C-B206-5D70129AAB7F}.Release|iPhoneSimulator.ActiveCfg = Release|iPhoneSimulator
		{7EC7BB2C-EB42-455C-B206-5D70129AAB7F}.Release|iPhoneSimulator.Build.0 = Release|iPhoneSimulator
		{57B00C94-1596-4C04-885F-423C46FBD574}.Ad-Hoc|Any CPU.ActiveCfg = Debug|Any CPU
		{57B00C94-1596-4C04-885F-423C46FBD574}.Ad-Hoc|Any CPU.Build.0 = Debug|Any CPU
		{57B00C94-1596-4C04-885F-423C46FBD574}.Ad-Hoc|iPhone.ActiveCfg = Debug|Any CPU
		{57B00C94-1596-4C04-885F-423C46FBD574}.Ad-Hoc|iPhone.Build.0 = Debug|Any CPU
		{57B00C94-1596-4C04-885F-423C46FBD574}.Ad-Hoc|iPhoneSimulator.ActiveCfg = Debug|Any CPU
		{57B00C94-1596-4C04-885F-423C46FBD574}.Ad-Hoc|iPhoneSimulator.Build.0 = Debug|Any CPU
		{57B00C94-1596-4C04-885F-423C46FBD574}.AppStore|Any CPU.ActiveCfg = Debug|Any CPU
		{57B00C94-1596-4C04-885F-423C46FBD574}.AppStore|Any CPU.Build.0 = Debug|Any CPU
		{57B00C94-1596-4C04-885F-423C46FBD574}.AppStore|iPhone.ActiveCfg = Debug|Any CPU
		{57B00C94-1596-4C04-885F-423C46FBD574}.AppStore|iPhone.Build.0 = Debug|Any CPU
		{57B00C94-1596-4C04-885F-423C46FBD574}.AppStore|iPhoneSimulator.ActiveCfg = Debug|Any CPU
		{57B00C94-1596-4C04-885F-423C46FBD574}.AppStore|iPhoneSimulator.Build.0 = Debug|Any CPU
		{57B00C94-1596-4C04-885F-423C46FBD574}.Debug|Any CPU.ActiveCfg = Debug|Any CPU
		{57B00C94-1596-4C04-885F-423C46FBD574}.Debug|Any CPU.Build.0 = Debug|Any CPU
		{57B00C94-1596-4C04-885F-423C46FBD574}.Debug|iPhone.ActiveCfg = Debug|Any CPU
		{57B00C94-1596-4C04-885F-423C46FBD574}.Debug|iPhone.Build.0 = Debug|Any CPU
		{57B00C94-1596-4C04-885F-423C46FBD574}.Debug|iPhoneSimulator.ActiveCfg = Debug|Any CPU
		{57B00C94-1596-4C04-885F-423C46FBD574}.Debug|iPhoneSimulator.Build.0 = Debug|Any CPU
		{57B00C94-1596-4C04-885F-423C46FBD574}.Release|Any CPU.ActiveCfg = Release|Any CPU
		{57B00C94-1596-4C04-885F-423C46FBD574}.Release|Any CPU.Build.0 = Release|Any CPU
		{57B00C94-1596-4C04-885F-423C46FBD574}.Release|iPhone.ActiveCfg = Release|Any CPU
		{57B00C94-1596-4C04-885F-423C46FBD574}.Release|iPhone.Build.0 = Release|Any CPU
		{57B00C94-1596-4C04-885F-423C46FBD574}.Release|iPhoneSimulator.ActiveCfg = Release|Any CPU
		{57B00C94-1596-4C04-885F-423C46FBD574}.Release|iPhoneSimulator.Build.0 = Release|Any CPU
	EndGlobalSection
	GlobalSection(SolutionProperties) = preSolution
		HideSolutionNode = FALSE
	EndGlobalSection
	GlobalSection(ExtensibilityGlobals) = postSolution
		SolutionGuid = {0B5C498C-6FA2-4DEC-8FC1-619C97CE5A2C}
	EndGlobalSection
EndGlobal
